
Microsoft Visual Studio Solution File, Format Version 12.00
# Visual Studio Version 17
VisualStudioVersion = 17.4.33213.308
MinimumVisualStudioVersion = 10.0.40219.1
Project("{9A19103F-16F7-4668-BE54-9A1E7A4F7556}") = "BlokusAPI", "BlokusAPI\BlokusAPI.csproj", "{F657F328-C703-4FFC-9667-A8154A432DF7}"
EndProject
Project("{9A19103F-16F7-4668-BE54-9A1E7A4F7556}") = "UnitTests", "TestProject1\UnitTests.csproj", "{661664A3-8BAA-4DF0-A6A2-F7D26526CC16}"
EndProject
Global
	GlobalSection(SolutionConfigurationPlatforms) = preSolution
		Debug|Any CPU = Debug|Any CPU
		Release|Any CPU = Release|Any CPU
	EndGlobalSection
	GlobalSection(ProjectConfigurationPlatforms) = postSolution
		{F657F328-C703-4FFC-9667-A8154A432DF7}.Debug|Any CPU.ActiveCfg = Debug|Any CPU
		{F657F328-C703-4FFC-9667-A8154A432DF7}.Debug|Any CPU.Build.0 = Debug|Any CPU
		{F657F328-C703-4FFC-9667-A8154A432DF7}.Release|Any CPU.ActiveCfg = Release|Any CPU
		{F657F328-C703-4FFC-9667-A8154A432DF7}.Release|Any CPU.Build.0 = Release|Any CPU
		{661664A3-8BAA-4DF0-A6A2-F7D26526CC16}.Debug|Any CPU.ActiveCfg = Debug|Any CPU
		{661664A3-8BAA-4DF0-A6A2-F7D26526CC16}.Debug|Any CPU.Build.0 = Debug|Any CPU
		{661664A3-8BAA-4DF0-A6A2-F7D26526CC16}.Release|Any CPU.ActiveCfg = Release|Any CPU
		{661664A3-8BAA-4DF0-A6A2-F7D26526CC16}.Release|Any CPU.Build.0 = Release|Any CPU
	EndGlobalSection
	GlobalSection(SolutionProperties) = preSolution
		HideSolutionNode = FALSE
	EndGlobalSection
	GlobalSection(ExtensibilityGlobals) = postSolution
		SolutionGuid = {F4FD5D0E-011A-4B44-851D-77A3B6E01574}
	EndGlobalSection
EndGlobal
